
Microsoft Visual Studio Solution File, Format Version 12.00
# Visual Studio Version 16
VisualStudioVersion = 16.0.31205.134
MinimumVisualStudioVersion = 10.0.40219.1
Project("{9A19103F-16F7-4668-BE54-9A1E7A4F7556}") = "DataStructuresAndAlgorithms", "DataStructuresAndAlgorithms\DataStructuresAndAlgorithms.csproj", "{04BD4B8D-0519-4F19-8456-E5821C998978}"
EndProject
Project("{9A19103F-16F7-4668-BE54-9A1E7A4F7556}") = "DataStructuresAndAlgorithms.Tests", "DataStructuresAndAlgorithms.Tests\DataStructuresAndAlgorithms.Tests.csproj", "{7E777A8D-9F3A-46CB-88F5-1CE6655026DB}"
EndProject
Global
	GlobalSection(SolutionConfigurationPlatforms) = preSolution
		Debug|Any CPU = Debug|Any CPU
		Release|Any CPU = Release|Any CPU
	EndGlobalSection
	GlobalSection(ProjectConfigurationPlatforms) = postSolution
		{04BD4B8D-0519-4F19-8456-E5821C998978}.Debug|Any CPU.ActiveCfg = Debug|Any CPU
		{04BD4B8D-0519-4F19-8456-E5821C998978}.Debug|Any CPU.Build.0 = Debug|Any CPU
		{04BD4B8D-0519-4F19-8456-E5821C998978}.Release|Any CPU.ActiveCfg = Release|Any CPU
		{04BD4B8D-0519-4F19-8456-E5821C998978}.Release|Any CPU.Build.0 = Release|Any CPU
		{7E777A8D-9F3A-46CB-88F5-1CE6655026DB}.Debug|Any CPU.ActiveCfg = Debug|Any CPU
		{7E777A8D-9F3A-46CB-88F5-1CE6655026DB}.Debug|Any CPU.Build.0 = Debug|Any CPU
		{7E777A8D-9F3A-46CB-88F5-1CE6655026DB}.Release|Any CPU.ActiveCfg = Release|Any CPU
		{7E777A8D-9F3A-46CB-88F5-1CE6655026DB}.Release|Any CPU.Build.0 = Release|Any CPU
	EndGlobalSection
	GlobalSection(SolutionProperties) = preSolution
		HideSolutionNode = FALSE
	EndGlobalSection
	GlobalSection(ExtensibilityGlobals) = postSolution
		SolutionGuid = {2F6FE61D-2748-4138-808C-1523559365C7}
	EndGlobalSection
EndGlobal
